
Microsoft Visual Studio Solution File, Format Version 12.00
# Visual Studio Version 17
VisualStudioVersion = 17.9.34616.47
MinimumVisualStudioVersion = 10.0.40219.1
Project("{9A19103F-16F7-4668-BE54-9A1E7A4F7556}") = "Domain", "Domain\Domain.csproj", "{C7E2A627-DBE1-49DF-AEA1-9B2FC7C8FB8A}"
EndProject
Project("{2150E333-8FDC-42A3-9474-1A3956D46DE8}") = "Patient", "Patient", "{EF936FD0-337D-46C5-8188-102FC52490AF}"
EndProject
Project("{9A19103F-16F7-4668-BE54-9A1E7A4F7556}") = "PatientInfrastructure", "PatientInfrastructure\PatientInfrastructure.csproj", "{C6EA7795-181A-43E4-B378-8374DD2008FB}"
EndProject
Project("{9A19103F-16F7-4668-BE54-9A1E7A4F7556}") = "PatientApplication", "PatientApplication\PatientApplication.csproj", "{ACD2853C-9977-423F-A35F-F0E73069A528}"
EndProject
Project("{9A19103F-16F7-4668-BE54-9A1E7A4F7556}") = "PatientService", "PatientService\PatientService.csproj", "{9B95C776-FBD9-40C8-9970-A898273CABAD}"
EndProject
Project("{2150E333-8FDC-42A3-9474-1A3956D46DE8}") = "Measurement", "Measurement", "{2846AFD2-87DC-41B4-9416-0009CCF1AB8A}"
EndProject
Project("{9A19103F-16F7-4668-BE54-9A1E7A4F7556}") = "MeasurementApplication", "MeasurementApplication\MeasurementApplication.csproj", "{77C09BA5-74AC-45DF-84CB-00A9EE42AAEF}"
EndProject
Project("{9A19103F-16F7-4668-BE54-9A1E7A4F7556}") = "MeasurementInfrastructure", "MeasurementInfrastructure\MeasurementInfrastructure.csproj", "{5C8FFF0D-C91E-43AA-9421-2CA130F98BC0}"
EndProject
Project("{9A19103F-16F7-4668-BE54-9A1E7A4F7556}") = "MeasurementService", "MeasurementService\MeasurementService.csproj", "{B2ABB8BE-B229-4716-8BEC-A52528B75583}"
EndProject
Project("{2150E333-8FDC-42A3-9474-1A3956D46DE8}") = "UnitTests", "UnitTests", "{533D7FE0-4F6F-4FDD-8080-3620FD223896}"
EndProject
Project("{FAE04EC0-301F-11D3-BF4B-00C04F79EFBC}") = "UnitTests", "UnitTests\UnitTests.csproj", "{55EE99D2-021C-4DC6-9855-999E1CE6FD31}"
EndProject
Global
	GlobalSection(SolutionConfigurationPlatforms) = preSolution
		Debug|Any CPU = Debug|Any CPU
		Release|Any CPU = Release|Any CPU
	EndGlobalSection
	GlobalSection(ProjectConfigurationPlatforms) = postSolution
		{C7E2A627-DBE1-49DF-AEA1-9B2FC7C8FB8A}.Debug|Any CPU.ActiveCfg = Debug|Any CPU
		{C7E2A627-DBE1-49DF-AEA1-9B2FC7C8FB8A}.Debug|Any CPU.Build.0 = Debug|Any CPU
		{C7E2A627-DBE1-49DF-AEA1-9B2FC7C8FB8A}.Release|Any CPU.ActiveCfg = Release|Any CPU
		{C7E2A627-DBE1-49DF-AEA1-9B2FC7C8FB8A}.Release|Any CPU.Build.0 = Release|Any CPU
		{C6EA7795-181A-43E4-B378-8374DD2008FB}.Debug|Any CPU.ActiveCfg = Debug|Any CPU
		{C6EA7795-181A-43E4-B378-8374DD2008FB}.Debug|Any CPU.Build.0 = Debug|Any CPU
		{C6EA7795-181A-43E4-B378-8374DD2008FB}.Release|Any CPU.ActiveCfg = Release|Any CPU
		{C6EA7795-181A-43E4-B378-8374DD2008FB}.Release|Any CPU.Build.0 = Release|Any CPU
		{ACD2853C-9977-423F-A35F-F0E73069A528}.Debug|Any CPU.ActiveCfg = Debug|Any CPU
		{ACD2853C-9977-423F-A35F-F0E73069A528}.Debug|Any CPU.Build.0 = Debug|Any CPU
		{ACD2853C-9977-423F-A35F-F0E73069A528}.Release|Any CPU.ActiveCfg = Release|Any CPU
		{ACD2853C-9977-423F-A35F-F0E73069A528}.Release|Any CPU.Build.0 = Release|Any CPU
		{9B95C776-FBD9-40C8-9970-A898273CABAD}.Debug|Any CPU.ActiveCfg = Debug|Any CPU
		{9B95C776-FBD9-40C8-9970-A898273CABAD}.Debug|Any CPU.Build.0 = Debug|Any CPU
		{9B95C776-FBD9-40C8-9970-A898273CABAD}.Release|Any CPU.ActiveCfg = Release|Any CPU
		{9B95C776-FBD9-40C8-9970-A898273CABAD}.Release|Any CPU.Build.0 = Release|Any CPU
		{77C09BA5-74AC-45DF-84CB-00A9EE42AAEF}.Debug|Any CPU.ActiveCfg = Debug|Any CPU
		{77C09BA5-74AC-45DF-84CB-00A9EE42AAEF}.Debug|Any CPU.Build.0 = Debug|Any CPU
		{77C09BA5-74AC-45DF-84CB-00A9EE42AAEF}.Release|Any CPU.ActiveCfg = Release|Any CPU
		{77C09BA5-74AC-45DF-84CB-00A9EE42AAEF}.Release|Any CPU.Build.0 = Release|Any CPU
		{5C8FFF0D-C91E-43AA-9421-2CA130F98BC0}.Debug|Any CPU.ActiveCfg = Debug|Any CPU
		{5C8FFF0D-C91E-43AA-9421-2CA130F98BC0}.Debug|Any CPU.Build.0 = Debug|Any CPU
		{5C8FFF0D-C91E-43AA-9421-2CA130F98BC0}.Release|Any CPU.ActiveCfg = Release|Any CPU
		{5C8FFF0D-C91E-43AA-9421-2CA130F98BC0}.Release|Any CPU.Build.0 = Release|Any CPU
		{B2ABB8BE-B229-4716-8BEC-A52528B75583}.Debug|Any CPU.ActiveCfg = Debug|Any CPU
		{B2ABB8BE-B229-4716-8BEC-A52528B75583}.Debug|Any CPU.Build.0 = Debug|Any CPU
		{B2ABB8BE-B229-4716-8BEC-A52528B75583}.Release|Any CPU.ActiveCfg = Release|Any CPU
		{B2ABB8BE-B229-4716-8BEC-A52528B75583}.Release|Any CPU.Build.0 = Release|Any CPU
		{55EE99D2-021C-4DC6-9855-999E1CE6FD31}.Debug|Any CPU.ActiveCfg = Debug|Any CPU
		{55EE99D2-021C-4DC6-9855-999E1CE6FD31}.Debug|Any CPU.Build.0 = Debug|Any CPU
		{55EE99D2-021C-4DC6-9855-999E1CE6FD31}.Release|Any CPU.ActiveCfg = Release|Any CPU
		{55EE99D2-021C-4DC6-9855-999E1CE6FD31}.Release|Any CPU.Build.0 = Release|Any CPU
	EndGlobalSection
	GlobalSection(SolutionProperties) = preSolution
		HideSolutionNode = FALSE
	EndGlobalSection
	GlobalSection(NestedProjects) = preSolution
		{C6EA7795-181A-43E4-B378-8374DD2008FB} = {EF936FD0-337D-46C5-8188-102FC52490AF}
		{ACD2853C-9977-423F-A35F-F0E73069A528} = {EF936FD0-337D-46C5-8188-102FC52490AF}
		{9B95C776-FBD9-40C8-9970-A898273CABAD} = {EF936FD0-337D-46C5-8188-102FC52490AF}
		{77C09BA5-74AC-45DF-84CB-00A9EE42AAEF} = {2846AFD2-87DC-41B4-9416-0009CCF1AB8A}
		{5C8FFF0D-C91E-43AA-9421-2CA130F98BC0} = {2846AFD2-87DC-41B4-9416-0009CCF1AB8A}
		{B2ABB8BE-B229-4716-8BEC-A52528B75583} = {2846AFD2-87DC-41B4-9416-0009CCF1AB8A}
		{55EE99D2-021C-4DC6-9855-999E1CE6FD31} = {533D7FE0-4F6F-4FDD-8080-3620FD223896}
	EndGlobalSection
	GlobalSection(ExtensibilityGlobals) = postSolution
		SolutionGuid = {1A943E78-F28D-4141-9DB0-AB7E73C04990}
	EndGlobalSection
EndGlobal
